// !$*UTF8*$!
{
	archiveVersion = 1;
	classes = {
	};
	objectVersion = 46;
	objects = {

/* Begin PBXBuildFile section */
		2976CB4B1C2BA71200562055 /* main.m in Sources */ = {isa = PBXBuildFile; fileRef = 2976CB4A1C2BA71200562055 /* main.m */; };
		2976CB4E1C2BA71200562055 /* AppDelegate.m in Sources */ = {isa = PBXBuildFile; fileRef = 2976CB4D1C2BA71200562055 /* AppDelegate.m */; };
		2976CB511C2BA71200562055 /* ViewController.m in Sources */ = {isa = PBXBuildFile; fileRef = 2976CB501C2BA71200562055 /* ViewController.m */; };
		2976CB541C2BA71200562055 /* Main.storyboard in Resources */ = {isa = PBXBuildFile; fileRef = 2976CB521C2BA71200562055 /* Main.storyboard */; };
		2976CB561C2BA71200562055 /* Assets.xcassets in Resources */ = {isa = PBXBuildFile; fileRef = 2976CB551C2BA71200562055 /* Assets.xcassets */; };
		2976CB591C2BA71200562055 /* LaunchScreen.storyboard in Resources */ = {isa = PBXBuildFile; fileRef = 2976CB571C2BA71200562055 /* LaunchScreen.storyboard */; };
		2976CB641C2BA71200562055 /* ____Tests.m in Sources */ = {isa = PBXBuildFile; fileRef = 2976CB631C2BA71200562055 /* ____Tests.m */; };
		2976CB6F1C2BA71200562055 /* ____UITests.m in Sources */ = {isa = PBXBuildFile; fileRef = 2976CB6E1C2BA71200562055 /* ____UITests.m */; };
/* End PBXBuildFile section */

/* Begin PBXContainerItemProxy section */
		2976CB601C2BA71200562055 /* PBXContainerItemProxy */ = {
			isa = PBXContainerItemProxy;
			containerPortal = 2976CB3E1C2BA71200562055 /* Project object */;
			proxyType = 1;
			remoteGlobalIDString = 2976CB451C2BA71200562055;
			remoteInfo = "图片拉伸";
		};
		2976CB6B1C2BA71200562055 /* PBXContainerItemProxy */ = {
			isa = PBXContainerItemProxy;
			containerPortal = 2976CB3E1C2BA71200562055 /* Project object */;
			proxyType = 1;
			remoteGlobalIDString = 2976CB451C2BA71200562055;
			remoteInfo = "图片拉伸";
		};
/* End PBXContainerItemProxy section */

/* Begin PBXFileReference section */
		2976CB461C2BA71200562055 /* 图片拉伸.app */ = {isa = PBXFileReference; explicitFileType = wrapper.application; includeInIndex = 0; path = "图片拉伸.app"; sourceTree = BUILT_PRODUCTS_DIR; };
		2976CB4A1C2BA71200562055 /* main.m */ = {isa = PBXFileReference; lastKnownFileType = sourcecode.c.objc; path = main.m; sourceTree = "<group>"; };
		2976CB4C1C2BA71200562055 /* AppDelegate.h */ = {isa = PBXFileReference; lastKnownFileType = sourcecode.c.h; path = AppDelegate.h; sourceTree = "<group>"; };
		2976CB4D1C2BA71200562055 /* AppDelegate.m */ = {isa = PBXFileReference; lastKnownFileType = sourcecode.c.objc; path = AppDelegate.m; sourceTree = "<group>"; };
		2976CB4F1C2BA71200562055 /* ViewController.h */ = {isa = PBXFileReference; lastKnownFileType = sourcecode.c.h; path = ViewController.h; sourceTree = "<group>"; };
		2976CB501C2BA71200562055 /* ViewController.m */ = {isa = PBXFileReference; lastKnownFileType = sourcecode.c.objc; path = ViewController.m; sourceTree = "<group>"; };
		2976CB531C2BA71200562055 /* Base */ = {isa = PBXFileReference; lastKnownFileType = file.storyboard; name = Base; path = Base.lproj/Main.storyboard; sourceTree = "<group>"; };
		2976CB551C2BA71200562055 /* Assets.xcassets */ = {isa = PBXFileReference; lastKnownFileType = folder.assetcatalog; path = Assets.xcassets; sourceTree = "<group>"; };
		2976CB581C2BA71200562055 /* Base */ = {isa = PBXFileReference; lastKnownFileType = file.storyboard; name = Base; path = Base.lproj/LaunchScreen.storyboard; sourceTree = "<group>"; };
		2976CB5A1C2BA71200562055 /* Info.plist */ = {isa = PBXFileReference; lastKnownFileType = text.plist.xml; path = Info.plist; sourceTree = "<group>"; };
		2976CB5F1C2BA71200562055 /* 图片拉伸Tests.xctest */ = {isa = PBXFileReference; explicitFileType = wrapper.cfbundle; includeInIndex = 0; path = "图片拉伸Tests.xctest"; sourceTree = BUILT_PRODUCTS_DIR; };
		2976CB631C2BA71200562055 /* ____Tests.m */ = {isa = PBXFileReference; lastKnownFileType = sourcecode.c.objc; path = "____Tests.m"; sourceTree = "<group>"; };
		2976CB651C2BA71200562055 /* Info.plist */ = {isa = PBXFileReference; lastKnownFileType = text.plist.xml; path = Info.plist; sourceTree = "<group>"; };
		2976CB6A1C2BA71200562055 /* 图片拉伸UITests.xctest */ = {isa = PBXFileReference; explicitFileType = wrapper.cfbundle; includeInIndex = 0; path = "图片拉伸UITests.xctest"; sourceTree = BUILT_PRODUCTS_DIR; };
		2976CB6E1C2BA71200562055 /* ____UITests.m */ = {isa = PBXFileReference; lastKnownFileType = sourcecode.c.objc; path = "____UITests.m"; sourceTree = "<group>"; };
		2976CB701C2BA71200562055 /* Info.plist */ = {isa = PBXFileReference; lastKnownFileType = text.plist.xml; path = Info.plist; sourceTree = "<group>"; };
/* End PBXFileReference section */

/* Begin PBXFrameworksBuildPhase section */
		2976CB431C2BA71200562055 /* Frameworks */ = {
			isa = PBXFrameworksBuildPhase;
			buildActionMask = 2147483647;
			files = (
			);
			runOnlyForDeploymentPostprocessing = 0;
		};
		2976CB5C1C2BA71200562055 /* Frameworks */ = {
			isa = PBXFrameworksBuildPhase;
			buildActionMask = 2147483647;
			files = (
			);
			runOnlyForDeploymentPostprocessing = 0;
		};
		2976CB671C2BA71200562055 /* Frameworks */ = {
			isa = PBXFrameworksBuildPhase;
			buildActionMask = 2147483647;
			files = (
			);
			runOnlyForDeploymentPostprocessing = 0;
		};
/* End PBXFrameworksBuildPhase section */

/* Begin PBXGroup section */
		2976CB3D1C2BA71200562055 = {
			isa = PBXGroup;
			children = (
				2976CB481C2BA71200562055 /* 图片拉伸 */,
				2976CB621C2BA71200562055 /* 图片拉伸Tests */,
				2976CB6D1C2BA71200562055 /* 图片拉伸UITests */,
				2976CB471C2BA71200562055 /* Products */,
			);
			sourceTree = "<group>";
		};
		2976CB471C2BA71200562055 /* Products */ = {
			isa = PBXGroup;
			children = (
				2976CB461C2BA71200562055 /* 图片拉伸.app */,
				2976CB5F1C2BA71200562055 /* 图片拉伸Tests.xctest */,
				2976CB6A1C2BA71200562055 /* 图片拉伸UITests.xctest */,
			);
			name = Products;
			sourceTree = "<group>";
		};
		2976CB481C2BA71200562055 /* 图片拉伸 */ = {
			isa = PBXGroup;
			children = (
				2976CB4C1C2BA71200562055 /* AppDelegate.h */,
				2976CB4D1C2BA71200562055 /* AppDelegate.m */,
				2976CB4F1C2BA71200562055 /* ViewController.h */,
				2976CB501C2BA71200562055 /* ViewController.m */,
				2976CB521C2BA71200562055 /* Main.storyboard */,
				2976CB551C2BA71200562055 /* Assets.xcassets */,
				2976CB571C2BA71200562055 /* LaunchScreen.storyboard */,
				2976CB5A1C2BA71200562055 /* Info.plist */,
				2976CB491C2BA71200562055 /* Supporting Files */,
			);
			path = "图片拉伸";
			sourceTree = "<group>";
		};
		2976CB491C2BA71200562055 /* Supporting Files */ = {
			isa = PBXGroup;
			children = (
				2976CB4A1C2BA71200562055 /* main.m */,
			);
			name = "Supporting Files";
			sourceTree = "<group>";
		};
		2976CB621C2BA71200562055 /* 图片拉伸Tests */ = {
			isa = PBXGroup;
			children = (
				2976CB631C2BA71200562055 /* ____Tests.m */,
				2976CB651C2BA71200562055 /* Info.plist */,
			);
			path = "图片拉伸Tests";
			sourceTree = "<group>";
		};
		2976CB6D1C2BA71200562055 /* 图片拉伸UITests */ = {
			isa = PBXGroup;
			children = (
				2976CB6E1C2BA71200562055 /* ____UITests.m */,
				2976CB701C2BA71200562055 /* Info.plist */,
			);
			path = "图片拉伸UITests";
			sourceTree = "<group>";
		};
/* End PBXGroup section */

/* Begin PBXNativeTarget section */
		2976CB451C2BA71200562055 /* 图片拉伸 */ = {
			isa = PBXNativeTarget;
			buildConfigurationList = 2976CB731C2BA71200562055 /* Build configuration list for PBXNativeTarget "图片拉伸" */;
			buildPhases = (
				2976CB421C2BA71200562055 /* Sources */,
				2976CB431C2BA71200562055 /* Frameworks */,
				2976CB441C2BA71200562055 /* Resources */,
			);
			buildRules = (
			);
			dependencies = (
			);
			name = "图片拉伸";
			productName = "图片拉伸";
			productReference = 2976CB461C2BA71200562055 /* 图片拉伸.app */;
			productType = "com.apple.product-type.application";
		};
		2976CB5E1C2BA71200562055 /* 图片拉伸Tests */ = {
			isa = PBXNativeTarget;
			buildConfigurationList = 2976CB761C2BA71200562055 /* Build configuration list for PBXNativeTarget "图片拉伸Tests" */;
			buildPhases = (
				2976CB5B1C2BA71200562055 /* Sources */,
				2976CB5C1C2BA71200562055 /* Frameworks */,
				2976CB5D1C2BA71200562055 /* Resources */,
			);
			buildRules = (
			);
			dependencies = (
				2976CB611C2BA71200562055 /* PBXTargetDependency */,
			);
			name = "图片拉伸Tests";
			productName = "图片拉伸Tests";
			productReference = 2976CB5F1C2BA71200562055 /* 图片拉伸Tests.xctest */;
			productType = "com.apple.product-type.bundle.unit-test";
		};
		2976CB691C2BA71200562055 /* 图片拉伸UITests */ = {
			isa = PBXNativeTarget;
			buildConfigurationList = 2976CB791C2BA71200562055 /* Build configuration list for PBXNativeTarget "图片拉伸UITests" */;
			buildPhases = (
				2976CB661C2BA71200562055 /* Sources */,
				2976CB671C2BA71200562055 /* Frameworks */,
				2976CB681C2BA71200562055 /* Resources */,
			);
			buildRules = (
			);
			dependencies = (
				2976CB6C1C2BA71200562055 /* PBXTargetDependency */,
			);
			name = "图片拉伸UITests";
			productName = "图片拉伸UITests";
			productReference = 2976CB6A1C2BA71200562055 /* 图片拉伸UITests.xctest */;
			productType = "com.apple.product-type.bundle.ui-testing";
		};
/* End PBXNativeTarget section */

/* Begin PBXProject section */
		2976CB3E1C2BA71200562055 /* Project object */ = {
			isa = PBXProject;
			attributes = {
				LastUpgradeCheck = 0720;
				ORGANIZATIONNAME = KZ;
				TargetAttributes = {
					2976CB451C2BA71200562055 = {
						CreatedOnToolsVersion = 7.2;
						DevelopmentTeam = 9V4WY345DD;
					};
					2976CB5E1C2BA71200562055 = {
						CreatedOnToolsVersion = 7.2;
						DevelopmentTeam = 9V4WY345DD;
						TestTargetID = 2976CB451C2BA71200562055;
					};
					2976CB691C2BA71200562055 = {
						CreatedOnToolsVersion = 7.2;
						DevelopmentTeam = 9V4WY345DD;
						TestTargetID = 2976CB451C2BA71200562055;
					};
				};
			};
			buildConfigurationList = 2976CB411C2BA71200562055 /* Build configuration list for PBXProject "图片拉伸" */;
			compatibilityVersion = "Xcode 3.2";
			developmentRegion = English;
			hasScannedForEncodings = 0;
			knownRegions = (
				en,
				Base,
			);
			mainGroup = 2976CB3D1C2BA71200562055;
			productRefGroup = 2976CB471C2BA71200562055 /* Products */;
			projectDirPath = "";
			projectRoot = "";
			targets = (
				2976CB451C2BA71200562055 /* 图片拉伸 */,
				2976CB5E1C2BA71200562055 /* 图片拉伸Tests */,
				2976CB691C2BA71200562055 /* 图片拉伸UITests */,
			);
		};
/* End PBXProject section */

/* Begin PBXResourcesBuildPhase section */
		2976CB441C2BA71200562055 /* Resources */ = {
			isa = PBXResourcesBuildPhase;
			buildActionMask = 2147483647;
			files = (
				2976CB591C2BA71200562055 /* LaunchScreen.storyboard in Resources */,
				2976CB561C2BA71200562055 /* Assets.xcassets in Resources */,
				2976CB541C2BA71200562055 /* Main.storyboard in Resources */,
			);
			runOnlyForDeploymentPostprocessing = 0;
		};
		2976CB5D1C2BA71200562055 /* Resources */ = {
			isa = PBXResourcesBuildPhase;
			buildActionMask = 2147483647;
			files = (
			);
			runOnlyForDeploymentPostprocessing = 0;
		};
		2976CB681C2BA71200562055 /* Resources */ = {
			isa = PBXResourcesBuildPhase;
			buildActionMask = 2147483647;
			files = (
			);
			runOnlyForDeploymentPostprocessing = 0;
		};
/* End PBXResourcesBuildPhase section */

/* Begin PBXSourcesBuildPhase section */
		2976CB421C2BA71200562055 /* Sources */ = {
			isa = PBXSourcesBuildPhase;
			buildActionMask = 2147483647;
			files = (
				2976CB511C2BA71200562055 /* ViewController.m in Sources */,
				2976CB4E1C2BA71200562055 /* AppDelegate.m in Sources */,
				2976CB4B1C2BA71200562055 /* main.m in Sources */,
			);
			runOnlyForDeploymentPostprocessing = 0;
		};
		2976CB5B1C2BA71200562055 /* Sources */ = {
			isa = PBXSourcesBuildPhase;
			buildActionMask = 2147483647;
			files = (
				2976CB641C2BA71200562055 /* ____Tests.m in Sources */,
			);
			runOnlyForDeploymentPostprocessing = 0;
		};
		2976CB661C2BA71200562055 /* Sources */ = {
			isa = PBXSourcesBuildPhase;
			buildActionMask = 2147483647;
			files = (
				2976CB6F1C2BA71200562055 /* ____UITests.m in Sources */,
			);
			runOnlyForDeploymentPostprocessing = 0;
		};
/* End PBXSourcesBuildPhase section */

/* Begin PBXTargetDependency section */
		2976CB611C2BA71200562055 /* PBXTargetDependency */ = {
			isa = PBXTargetDependency;
			target = 2976CB451C2BA71200562055 /* 图片拉伸 */;
			targetProxy = 2976CB601C2BA71200562055 /* PBXContainerItemProxy */;
		};
		2976CB6C1C2BA71200562055 /* PBXTargetDependency */ = {
			isa = PBXTargetDependency;
			target = 2976CB451C2BA71200562055 /* 图片拉伸 */;
			targetProxy = 2976CB6B1C2BA71200562055 /* PBXContainerItemProxy */;
		};
/* End PBXTargetDependency section */

/* Begin PBXVariantGroup section */
		2976CB521C2BA71200562055 /* Main.storyboard */ = {
			isa = PBXVariantGroup;
			children = (
				2976CB531C2BA71200562055 /* Base */,
			);
			name = Main.storyboard;
			sourceTree = "<group>";
		};
		2976CB571C2BA71200562055 /* LaunchScreen.storyboard */ = {
			isa = PBXVariantGroup;
			children = (
				2976CB581C2BA71200562055 /* Base */,
			);
			name = LaunchScreen.storyboard;
			sourceTree = "<group>";
		};
/* End PBXVariantGroup section */

/* Begin XCBuildConfiguration section */
		2976CB711C2BA71200562055 /* Debug */ = {
			isa = XCBuildConfiguration;
			buildSettings = {
				ALWAYS_SEARCH_USER_PATHS = NO;
				CLANG_CXX_LANGUAGE_STANDARD = "gnu++0x";
				CLANG_CXX_LIBRARY = "libc++";
				CLANG_ENABLE_MODULES = YES;
				CLANG_ENABLE_OBJC_ARC = YES;
				CLANG_WARN_BOOL_CONVERSION = YES;
				CLANG_WARN_CONSTANT_CONVERSION = YES;
				CLANG_WARN_DIRECT_OBJC_ISA_USAGE = YES_ERROR;
				CLANG_WARN_EMPTY_BODY = YES;
				CLANG_WARN_ENUM_CONVERSION = YES;
				CLANG_WARN_INT_CONVERSION = YES;
				CLANG_WARN_OBJC_ROOT_CLASS = YES_ERROR;
				CLANG_WARN_UNREACHABLE_CODE = YES;
				CLANG_WARN__DUPLICATE_METHOD_MATCH = YES;
				"CODE_SIGN_IDENTITY[sdk=iphoneos*]" = "iPhone Developer";
				COPY_PHASE_STRIP = NO;
				DEBUG_INFORMATION_FORMAT = dwarf;
				ENABLE_STRICT_OBJC_MSGSEND = YES;
				ENABLE_TESTABILITY = YES;
				GCC_C_LANGUAGE_STANDARD = gnu99;
				GCC_DYNAMIC_NO_PIC = NO;
				GCC_NO_COMMON_BLOCKS = YES;
				GCC_OPTIMIZATION_LEVEL = 0;
				GCC_PREPROCESSOR_DEFINITIONS = (
					"DEBUG=1",
					"$(inherited)",
				);
				GCC_WARN_64_TO_32_BIT_CONVERSION = YES;
				GCC_WARN_ABOUT_RETURN_TYPE = YES_ERROR;
				GCC_WARN_UNDECLARED_SELECTOR = YES;
				GCC_WARN_UNINITIALIZED_AUTOS = YES_AGGRESSIVE;
				GCC_WARN_UNUSED_FUNCTION = YES;
				GCC_WARN_UNUSED_VARIABLE = YES;
				IPHONEOS_DEPLOYMENT_TARGET = 9.2;
				MTL_ENABLE_DEBUG_INFO = YES;
				ONLY_ACTIVE_ARCH = YES;
				SDKROOT = iphoneos;
				TARGETED_DEVICE_FAMILY = "1,2";
			};
			name = Debug;
		};
		2976CB721C2BA71200562055 /* Release */ = {
			isa = XCBuildConfiguration;
			buildSettings = {
				ALWAYS_SEARCH_USER_PATHS = NO;
				CLANG_CXX_LANGUAGE_STANDARD = "gnu++0x";
				CLANG_CXX_LIBRARY = "libc++";
				CLANG_ENABLE_MODULES = YES;
				CLANG_ENABLE_OBJC_ARC = YES;
				CLANG_WARN_BOOL_CONVERSION = YES;
				CLANG_WARN_CONSTANT_CONVERSION = YES;
				CLANG_WARN_DIRECT_OBJC_ISA_USAGE = YES_ERROR;
				CLANG_WARN_EMPTY_BODY = YES;
				CLANG_WARN_ENUM_CONVERSION = YES;
				CLANG_WARN_INT_CONVERSION = YES;
				CLANG_WARN_OBJC_ROOT_CLASS = YES_ERROR;
				CLANG_WARN_UNREACHABLE_CODE = YES;
				CLANG_WARN__DUPLICATE_METHOD_MATCH = YES;
				"CODE_SIGN_IDENTITY[sdk=iphoneos*]" = "iPhone Developer";
				COPY_PHASE_STRIP = NO;
				DEBUG_INFORMATION_FORMAT = "dwarf-with-dsym";
				ENABLE_NS_ASSERTIONS = NO;
				ENABLE_STRICT_OBJC_MSGSEND = YES;
				GCC_C_LANGUAGE_STANDARD = gnu99;
				GCC_NO_COMMON_BLOCKS = YES;
				GCC_WARN_64_TO_32_BIT_CONVERSION = YES;
				GCC_WARN_ABOUT_RETURN_TYPE = YES_ERROR;
				GCC_WARN_UNDECLARED_SELECTOR = YES;
				GCC_WARN_UNINITIALIZED_AUTOS = YES_AGGRESSIVE;
				GCC_WARN_UNUSED_FUNCTION = YES;
				GCC_WARN_UNUSED_VARIABLE = YES;
				IPHONEOS_DEPLOYMENT_TARGET = 9.2;
				MTL_ENABLE_DEBUG_INFO = NO;
				SDKROOT = iphoneos;
				TARGETED_DEVICE_FAMILY = "1,2";
				VALIDATE_PRODUCT = YES;
			};
			name = Release;
		};
		2976CB741C2BA71200562055 /* Debug */ = {
			isa = XCBuildConfiguration;
			buildSettings = {
				ASSETCATALOG_COMPILER_APPICON_NAME = AppIcon;
				INFOPLIST_FILE = "图片拉伸/Info.plist";
				LD_RUNPATH_SEARCH_PATHS = "$(inherited) @executable_path/Frameworks";
				PRODUCT_BUNDLE_IDENTIFIER = "kunzkun.----";
				PRODUCT_NAME = "$(TARGET_NAME)";
			};
			name = Debug;
		};
		2976CB751C2BA71200562055 /* Release */ = {
			isa = XCBuildConfiguration;
			buildSettings = {
				ASSETCATALOG_COMPILER_APPICON_NAME = AppIcon;
				INFOPLIST_FILE = "图片拉伸/Info.plist";
				LD_RUNPATH_SEARCH_PATHS = "$(inherited) @executable_path/Frameworks";
				PRODUCT_BUNDLE_IDENTIFIER = "kunzkun.----";
				PRODUCT_NAME = "$(TARGET_NAME)";
			};
			name = Release;
		};
		2976CB771C2BA71200562055 /* Debug */ = {
			isa = XCBuildConfiguration;
			buildSettings = {
				BUNDLE_LOADER = "$(TEST_HOST)";
				INFOPLIST_FILE = "图片拉伸Tests/Info.plist";
				LD_RUNPATH_SEARCH_PATHS = "$(inherited) @executable_path/Frameworks @loader_path/Frameworks";
				PRODUCT_BUNDLE_IDENTIFIER = "kunzkun.----Tests";
				PRODUCT_NAME = "$(TARGET_NAME)";
				TEST_HOST = "$(BUILT_PRODUCTS_DIR)/图片拉伸.app/图片拉伸";
			};
			name = Debug;
		};
		2976CB781C2BA71200562055 /* Release */ = {
			isa = XCBuildConfiguration;
			buildSettings = {
				BUNDLE_LOADER = "$(TEST_HOST)";
				INFOPLIST_FILE = "图片拉伸Tests/Info.plist";
				LD_RUNPATH_SEARCH_PATHS = "$(inherited) @executable_path/Frameworks @loader_path/Frameworks";
				PRODUCT_BUNDLE_IDENTIFIER = "kunzkun.----Tests";
				PRODUCT_NAME = "$(TARGET_NAME)";
				TEST_HOST = "$(BUILT_PRODUCTS_DIR)/图片拉伸.app/图片拉伸";
			};
			name = Release;
		};
		2976CB7A1C2BA71200562055 /* Debug */ = {
			isa = XCBuildConfiguration;
			buildSettings = {
				INFOPLIST_FILE = "图片拉伸UITests/Info.plist";
				LD_RUNPATH_SEARCH_PATHS = "$(inherited) @executable_path/Frameworks @loader_path/Frameworks";
				PRODUCT_BUNDLE_IDENTIFIER = "kunzkun.----UITests";
				PRODUCT_NAME = "$(TARGET_NAME)";
				TEST_TARGET_NAME = "图片拉伸";
				USES_XCTRUNNER = YES;
			};
			name = Debug;
		};
		2976CB7B1C2BA71200562055 /* Release */ = {
			isa = XCBuildConfiguration;
			buildSettings = {
				INFOPLIST_FILE = "图片拉伸UITests/Info.plist";
				LD_RUNPATH_SEARCH_PATHS = "$(inherited) @executable_path/Frameworks @loader_path/Frameworks";
				PRODUCT_BUNDLE_IDENTIFIER = "kunzkun.----UITests";
				PRODUCT_NAME = "$(TARGET_NAME)";
				TEST_TARGET_NAME = "图片拉伸";
				USES_XCTRUNNER = YES;
			};
			name = Release;
		};
/* End XCBuildConfiguration section */

/* Begin XCConfigurationList section */
		2976CB411C2BA71200562055 /* Build configuration list for PBXProject "图片拉伸" */ = {
			isa = XCConfigurationList;
			buildConfigurations = (
				2976CB711C2BA71200562055 /* Debug */,
				2976CB721C2BA71200562055 /* Release */,
			);
			defaultConfigurationIsVisible = 0;
			defaultConfigurationName = Release;
		};
		2976CB731C2BA71200562055 /* Build configuration list for PBXNativeTarget "图片拉伸" */ = {
			isa = XCConfigurationList;
			buildConfigurations = (
				2976CB741C2BA71200562055 /* Debug */,
				2976CB751C2BA71200562055 /* Release */,
			);
			defaultConfigurationIsVisible = 0;
		};
		2976CB761C2BA71200562055 /* Build configuration list for PBXNativeTarget "图片拉伸Tests" */ = {
			isa = XCConfigurationList;
			buildConfigurations = (
				2976CB771C2BA71200562055 /* Debug */,
				2976CB781C2BA71200562055 /* Release */,
			);
			defaultConfigurationIsVisible = 0;
		};
		2976CB791C2BA71200562055 /* Build configuration list for PBXNativeTarget "图片拉伸UITests" */ = {
			isa = XCConfigurationList;
			buildConfigurations = (
				2976CB7A1C2BA71200562055 /* Debug */,
				2976CB7B1C2BA71200562055 /* Release */,
			);
			defaultConfigurationIsVisible = 0;
		};
/* End XCConfigurationList section */
	};
	rootObject = 2976CB3E1C2BA71200562055 /* Project object */;
}
